
Microsoft Visual Studio Solution File, Format Version 12.00
# Visual Studio Version 16
VisualStudioVersion = 16.0.32510.428
MinimumVisualStudioVersion = 10.0.40219.1
Project("{9A19103F-16F7-4668-BE54-9A1E7A4F7556}") = "humiditymonitor2", "humiditymonitor2\humiditymonitor2.csproj", "{CC2430B5-DF73-4095-B9EF-56F5140B108E}"
EndProject
Project("{FAE04EC0-301F-11D3-BF4B-00C04F79EFBC}") = "TestProject", "TestProject\TestProject.csproj", "{E772CEB1-8424-4EA9-B3CA-88DE86329498}"
EndProject
Global
	GlobalSection(SolutionConfigurationPlatforms) = preSolution
		Debug|Any CPU = Debug|Any CPU
		Release|Any CPU = Release|Any CPU
	EndGlobalSection
	GlobalSection(ProjectConfigurationPlatforms) = postSolution
		{CC2430B5-DF73-4095-B9EF-56F5140B108E}.Debug|Any CPU.ActiveCfg = Debug|Any CPU
		{CC2430B5-DF73-4095-B9EF-56F5140B108E}.Debug|Any CPU.Build.0 = Debug|Any CPU
		{CC2430B5-DF73-4095-B9EF-56F5140B108E}.Release|Any CPU.ActiveCfg = Release|Any CPU
		{CC2430B5-DF73-4095-B9EF-56F5140B108E}.Release|Any CPU.Build.0 = Release|Any CPU
		{E772CEB1-8424-4EA9-B3CA-88DE86329498}.Debug|Any CPU.ActiveCfg = Debug|Any CPU
		{E772CEB1-8424-4EA9-B3CA-88DE86329498}.Debug|Any CPU.Build.0 = Debug|Any CPU
		{E772CEB1-8424-4EA9-B3CA-88DE86329498}.Release|Any CPU.ActiveCfg = Release|Any CPU
		{E772CEB1-8424-4EA9-B3CA-88DE86329498}.Release|Any CPU.Build.0 = Release|Any CPU
	EndGlobalSection
	GlobalSection(SolutionProperties) = preSolution
		HideSolutionNode = FALSE
	EndGlobalSection
	GlobalSection(ExtensibilityGlobals) = postSolution
		SolutionGuid = {2847B6EB-07C7-4ED6-9AE5-20BA013A87EC}
	EndGlobalSection
EndGlobal
